
Microsoft Visual Studio Solution File, Format Version 12.00
# Visual Studio Version 17
VisualStudioVersion = 17.4.33122.133
MinimumVisualStudioVersion = 10.0.40219.1
Project("{FAE04EC0-301F-11D3-BF4B-00C04F79EFBC}") = "AssignmentOneDemo", "AssignmentOneDemo\AssignmentOneDemo.csproj", "{8D6A938E-89B5-42B8-8B6A-E3C6716CD2F6}"
EndProject
Project("{FAE04EC0-301F-11D3-BF4B-00C04F79EFBC}") = "Core", "Core\Core.csproj", "{0E270549-6CC9-490B-B114-F6C14F812476}"
EndProject
Project("{FAE04EC0-301F-11D3-BF4B-00C04F79EFBC}") = "Infrastructure", "Infrastructure\Infrastructure.csproj", "{729467A7-6F24-4679-9F7B-5AADA464CD1E}"
EndProject
Project("{FAE04EC0-301F-11D3-BF4B-00C04F79EFBC}") = "Data", "Data\Data.csproj", "{4C1DA793-1F6D-442F-8BC6-CF44C4265CF2}"
EndProject
Global
	GlobalSection(SolutionConfigurationPlatforms) = preSolution
		Debug|Any CPU = Debug|Any CPU
		Release|Any CPU = Release|Any CPU
	EndGlobalSection
	GlobalSection(ProjectConfigurationPlatforms) = postSolution
		{8D6A938E-89B5-42B8-8B6A-E3C6716CD2F6}.Debug|Any CPU.ActiveCfg = Debug|Any CPU
		{8D6A938E-89B5-42B8-8B6A-E3C6716CD2F6}.Debug|Any CPU.Build.0 = Debug|Any CPU
		{8D6A938E-89B5-42B8-8B6A-E3C6716CD2F6}.Release|Any CPU.ActiveCfg = Release|Any CPU
		{8D6A938E-89B5-42B8-8B6A-E3C6716CD2F6}.Release|Any CPU.Build.0 = Release|Any CPU
		{0E270549-6CC9-490B-B114-F6C14F812476}.Debug|Any CPU.ActiveCfg = Debug|Any CPU
		{0E270549-6CC9-490B-B114-F6C14F812476}.Debug|Any CPU.Build.0 = Debug|Any CPU
		{0E270549-6CC9-490B-B114-F6C14F812476}.Release|Any CPU.ActiveCfg = Release|Any CPU
		{0E270549-6CC9-490B-B114-F6C14F812476}.Release|Any CPU.Build.0 = Release|Any CPU
		{729467A7-6F24-4679-9F7B-5AADA464CD1E}.Debug|Any CPU.ActiveCfg = Debug|Any CPU
		{729467A7-6F24-4679-9F7B-5AADA464CD1E}.Debug|Any CPU.Build.0 = Debug|Any CPU
		{729467A7-6F24-4679-9F7B-5AADA464CD1E}.Release|Any CPU.ActiveCfg = Release|Any CPU
		{729467A7-6F24-4679-9F7B-5AADA464CD1E}.Release|Any CPU.Build.0 = Release|Any CPU
		{4C1DA793-1F6D-442F-8BC6-CF44C4265CF2}.Debug|Any CPU.ActiveCfg = Debug|Any CPU
		{4C1DA793-1F6D-442F-8BC6-CF44C4265CF2}.Debug|Any CPU.Build.0 = Debug|Any CPU
		{4C1DA793-1F6D-442F-8BC6-CF44C4265CF2}.Release|Any CPU.ActiveCfg = Release|Any CPU
		{4C1DA793-1F6D-442F-8BC6-CF44C4265CF2}.Release|Any CPU.Build.0 = Release|Any CPU
	EndGlobalSection
	GlobalSection(SolutionProperties) = preSolution
		HideSolutionNode = FALSE
	EndGlobalSection
	GlobalSection(ExtensibilityGlobals) = postSolution
		SolutionGuid = {C9E5CC48-E0D8-4DEC-9B1A-D0AB7BDA3D3E}
	EndGlobalSection
EndGlobal
